<?xml version="1.0" encoding="UTF-8"?>
<Scheme
   version = "1.3">
   <BuildAction>
      <BuildActionEntries>
         <BuildActionEntry
            buildForRunning = "YES"
            buildForTesting = "YES">
            <BuildableReference
               BuildableIdentifier = "primary"
               BlueprintIdentifier = "7908972D19D4969600145E7E"
               BuildableName = "DinnerTimeTests.xctest"
               BlueprintName = "DinnerTimeTests"
               ReferencedContainer = "container:DinnerTime.xcodeproj">
            </BuildableReference>
         </BuildActionEntry>
      </BuildActionEntries>
   </BuildAction>
   <TestAction
      buildConfiguration = "Debug">
      <Testables>
         <TestableReference>
            <BuildableReference
               BuildableIdentifier = "primary"
               BlueprintIdentifier = "7908972D19D4969600145E7E"
               BuildableName = "DinnerTimeTests.xctest"
               BlueprintName = "DinnerTimeTests"
               ReferencedContainer = "container:DinnerTime.xcodeproj">
            </BuildableReference>
            <SkippedTests>
               <Test
                  Identifier = "DinnerTimeTests">
               </Test>
               <Test
                  Identifier = "GoogleSignInManagerTests">
               </Test>
            </SkippedTests>
         </TestableReference>
      </Testables>
   </TestAction>
   <LaunchAction
      useCustomWorkingDirectory = "NO">
   </LaunchAction>
</Scheme>
